
Microsoft Visual Studio Solution File, Format Version 11.00
# Visual Studio 2010
Project("{FAE04EC0-301F-11D3-BF4B-00C04F79EFBC}") = "StarTrekShooter", "Assembly-CSharp.csproj", "{B5F5F77D-23A0-DD82-B042-97F7C154D658}"
EndProject
Global
	GlobalSection(SolutionConfigurationPlatforms) = preSolution
		Debug|Any CPU = Debug|Any CPU
		Release|Any CPU = Release|Any CPU
	EndGlobalSection
	GlobalSection(ProjectConfigurationPlatforms) = postSolution
		{B5F5F77D-23A0-DD82-B042-97F7C154D658}.Debug|Any CPU.ActiveCfg = Debug|Any CPU
		{B5F5F77D-23A0-DD82-B042-97F7C154D658}.Debug|Any CPU.Build.0 = Debug|Any CPU
		{B5F5F77D-23A0-DD82-B042-97F7C154D658}.Release|Any CPU.ActiveCfg = Release|Any CPU
		{B5F5F77D-23A0-DD82-B042-97F7C154D658}.Release|Any CPU.Build.0 = Release|Any CPU
	EndGlobalSection
	GlobalSection(SolutionProperties) = preSolution
		HideSolutionNode = FALSE
	EndGlobalSection
	GlobalSection(MonoDevelopProperties) = preSolution
		StartupItem = Assembly-CSharp.csproj
	EndGlobalSection
EndGlobal
